
Microsoft Visual Studio Solution File, Format Version 12.00
# Visual Studio Version 17
VisualStudioVersion = 17.12.35527.113 d17.12
MinimumVisualStudioVersion = 10.0.40219.1
Project("{FAE04EC0-301F-11D3-BF4B-00C04F79EFBC}") = "ClientApp", "ClientApp\ClientApp.csproj", "{EEE984C5-B988-40E1-AF0B-B64A597C8F7F}"
EndProject
Project("{FAE04EC0-301F-11D3-BF4B-00C04F79EFBC}") = "ServerApp", "ServerApp\ServerApp.csproj", "{87CABC3A-F345-4DE9-93CF-F865C8D3555C}"
EndProject
Global
	GlobalSection(SolutionConfigurationPlatforms) = preSolution
		Debug|Any CPU = Debug|Any CPU
		Release|Any CPU = Release|Any CPU
	EndGlobalSection
	GlobalSection(ProjectConfigurationPlatforms) = postSolution
		{EEE984C5-B988-40E1-AF0B-B64A597C8F7F}.Debug|Any CPU.ActiveCfg = Debug|Any CPU
		{EEE984C5-B988-40E1-AF0B-B64A597C8F7F}.Debug|Any CPU.Build.0 = Debug|Any CPU
		{EEE984C5-B988-40E1-AF0B-B64A597C8F7F}.Release|Any CPU.ActiveCfg = Release|Any CPU
		{EEE984C5-B988-40E1-AF0B-B64A597C8F7F}.Release|Any CPU.Build.0 = Release|Any CPU
		{87CABC3A-F345-4DE9-93CF-F865C8D3555C}.Debug|Any CPU.ActiveCfg = Debug|Any CPU
		{87CABC3A-F345-4DE9-93CF-F865C8D3555C}.Debug|Any CPU.Build.0 = Debug|Any CPU
		{87CABC3A-F345-4DE9-93CF-F865C8D3555C}.Release|Any CPU.ActiveCfg = Release|Any CPU
		{87CABC3A-F345-4DE9-93CF-F865C8D3555C}.Release|Any CPU.Build.0 = Release|Any CPU
	EndGlobalSection
	GlobalSection(SolutionProperties) = preSolution
		HideSolutionNode = FALSE
	EndGlobalSection
EndGlobal
